
Microsoft Visual Studio Solution File, Format Version 12.00
# Visual Studio Version 16
VisualStudioVersion = 16.0.32929.386
MinimumVisualStudioVersion = 10.0.40219.1
Project("{FAE04EC0-301F-11D3-BF4B-00C04F79EFBC}") = "Finally", "Finally\Finally.csproj", "{83A3F55A-F3AA-4BFC-BA54-C99BE264FB9E}"
EndProject
Global
	GlobalSection(SolutionConfigurationPlatforms) = preSolution
		Debug|Any CPU = Debug|Any CPU
		Release|Any CPU = Release|Any CPU
	EndGlobalSection
	GlobalSection(ProjectConfigurationPlatforms) = postSolution
		{83A3F55A-F3AA-4BFC-BA54-C99BE264FB9E}.Debug|Any CPU.ActiveCfg = Debug|Any CPU
		{83A3F55A-F3AA-4BFC-BA54-C99BE264FB9E}.Debug|Any CPU.Build.0 = Debug|Any CPU
		{83A3F55A-F3AA-4BFC-BA54-C99BE264FB9E}.Release|Any CPU.ActiveCfg = Release|Any CPU
		{83A3F55A-F3AA-4BFC-BA54-C99BE264FB9E}.Release|Any CPU.Build.0 = Release|Any CPU
	EndGlobalSection
	GlobalSection(SolutionProperties) = preSolution
		HideSolutionNode = FALSE
	EndGlobalSection
	GlobalSection(ExtensibilityGlobals) = postSolution
		SolutionGuid = {8CDD9AA0-D67C-4719-BE76-4DA94F6F896F}
	EndGlobalSection
EndGlobal
