
Microsoft Visual Studio Solution File, Format Version 12.00
# Visual Studio Version 16
VisualStudioVersion = 16.0.32929.386
MinimumVisualStudioVersion = 10.0.40219.1
Project("{FAE04EC0-301F-11D3-BF4B-00C04F79EFBC}") = "Exceptions", "Exceptions\Exceptions.csproj", "{893F6DF3-56FD-4934-9266-575A3FEC8C74}"
EndProject
Global
	GlobalSection(SolutionConfigurationPlatforms) = preSolution
		Debug|Any CPU = Debug|Any CPU
		Release|Any CPU = Release|Any CPU
	EndGlobalSection
	GlobalSection(ProjectConfigurationPlatforms) = postSolution
		{893F6DF3-56FD-4934-9266-575A3FEC8C74}.Debug|Any CPU.ActiveCfg = Debug|Any CPU
		{893F6DF3-56FD-4934-9266-575A3FEC8C74}.Debug|Any CPU.Build.0 = Debug|Any CPU
		{893F6DF3-56FD-4934-9266-575A3FEC8C74}.Release|Any CPU.ActiveCfg = Release|Any CPU
		{893F6DF3-56FD-4934-9266-575A3FEC8C74}.Release|Any CPU.Build.0 = Release|Any CPU
	EndGlobalSection
	GlobalSection(SolutionProperties) = preSolution
		HideSolutionNode = FALSE
	EndGlobalSection
	GlobalSection(ExtensibilityGlobals) = postSolution
		SolutionGuid = {B33E9FC8-29B8-4F0C-AEE4-3FA9075AD837}
	EndGlobalSection
EndGlobal
