
Microsoft Visual Studio Solution File, Format Version 12.00
# Visual Studio Version 16
VisualStudioVersion = 16.0.32929.386
MinimumVisualStudioVersion = 10.0.40219.1
Project("{FAE04EC0-301F-11D3-BF4B-00C04F79EFBC}") = "ElementAdd", "ElementAdd\ElementAdd.csproj", "{4679C5C4-2933-4BA6-B3D7-A5D1058D8AC6}"
EndProject
Global
	GlobalSection(SolutionConfigurationPlatforms) = preSolution
		Debug|Any CPU = Debug|Any CPU
		Release|Any CPU = Release|Any CPU
	EndGlobalSection
	GlobalSection(ProjectConfigurationPlatforms) = postSolution
		{4679C5C4-2933-4BA6-B3D7-A5D1058D8AC6}.Debug|Any CPU.ActiveCfg = Debug|Any CPU
		{4679C5C4-2933-4BA6-B3D7-A5D1058D8AC6}.Debug|Any CPU.Build.0 = Debug|Any CPU
		{4679C5C4-2933-4BA6-B3D7-A5D1058D8AC6}.Release|Any CPU.ActiveCfg = Release|Any CPU
		{4679C5C4-2933-4BA6-B3D7-A5D1058D8AC6}.Release|Any CPU.Build.0 = Release|Any CPU
	EndGlobalSection
	GlobalSection(SolutionProperties) = preSolution
		HideSolutionNode = FALSE
	EndGlobalSection
	GlobalSection(ExtensibilityGlobals) = postSolution
		SolutionGuid = {FBFC8B9C-8C43-4CEA-8609-5EF168591431}
	EndGlobalSection
EndGlobal
