
Microsoft Visual Studio Solution File, Format Version 12.00
# Visual Studio Version 16
VisualStudioVersion = 16.0.32929.386
MinimumVisualStudioVersion = 10.0.40219.1
Project("{FAE04EC0-301F-11D3-BF4B-00C04F79EFBC}") = "ParseTryParse", "ParseTryParse\ParseTryParse.csproj", "{807A2BF5-4F92-4532-96C7-DD2F8B4F94FD}"
EndProject
Global
	GlobalSection(SolutionConfigurationPlatforms) = preSolution
		Debug|Any CPU = Debug|Any CPU
		Release|Any CPU = Release|Any CPU
	EndGlobalSection
	GlobalSection(ProjectConfigurationPlatforms) = postSolution
		{807A2BF5-4F92-4532-96C7-DD2F8B4F94FD}.Debug|Any CPU.ActiveCfg = Debug|Any CPU
		{807A2BF5-4F92-4532-96C7-DD2F8B4F94FD}.Debug|Any CPU.Build.0 = Debug|Any CPU
		{807A2BF5-4F92-4532-96C7-DD2F8B4F94FD}.Release|Any CPU.ActiveCfg = Release|Any CPU
		{807A2BF5-4F92-4532-96C7-DD2F8B4F94FD}.Release|Any CPU.Build.0 = Release|Any CPU
	EndGlobalSection
	GlobalSection(SolutionProperties) = preSolution
		HideSolutionNode = FALSE
	EndGlobalSection
	GlobalSection(ExtensibilityGlobals) = postSolution
		SolutionGuid = {D65A980F-F3D2-4202-A748-057D41A54BCD}
	EndGlobalSection
EndGlobal
