
Microsoft Visual Studio Solution File, Format Version 12.00
# Visual Studio Version 16
VisualStudioVersion = 16.0.32929.386
MinimumVisualStudioVersion = 10.0.40219.1
Project("{FAE04EC0-301F-11D3-BF4B-00C04F79EFBC}") = "Interface", "Interface\Interface.csproj", "{7FBFDE79-FD17-4F72-9698-79CCECA731A7}"
EndProject
Global
	GlobalSection(SolutionConfigurationPlatforms) = preSolution
		Debug|Any CPU = Debug|Any CPU
		Release|Any CPU = Release|Any CPU
	EndGlobalSection
	GlobalSection(ProjectConfigurationPlatforms) = postSolution
		{7FBFDE79-FD17-4F72-9698-79CCECA731A7}.Debug|Any CPU.ActiveCfg = Debug|Any CPU
		{7FBFDE79-FD17-4F72-9698-79CCECA731A7}.Debug|Any CPU.Build.0 = Debug|Any CPU
		{7FBFDE79-FD17-4F72-9698-79CCECA731A7}.Release|Any CPU.ActiveCfg = Release|Any CPU
		{7FBFDE79-FD17-4F72-9698-79CCECA731A7}.Release|Any CPU.Build.0 = Release|Any CPU
	EndGlobalSection
	GlobalSection(SolutionProperties) = preSolution
		HideSolutionNode = FALSE
	EndGlobalSection
	GlobalSection(ExtensibilityGlobals) = postSolution
		SolutionGuid = {28F16BB1-CA82-4A10-BE86-A75746B1F423}
	EndGlobalSection
EndGlobal
